// !$*UTF8*$!
{
	archiveVersion = 1;
	classes = {
	};
	objectVersion = 48;
	objects = {

/* Begin PBXBuildFile section */
		763A00842061EA6C00C8CE69 /* Living.storyboard in Resources */ = {isa = PBXBuildFile; fileRef = 763A007C2061EA6C00C8CE69 /* Living.storyboard */; };
		763A00852061EA6C00C8CE69 /* Mine.storyboard in Resources */ = {isa = PBXBuildFile; fileRef = 763A007E2061EA6C00C8CE69 /* Mine.storyboard */; };
		763A00862061EA6C00C8CE69 /* Home.storyboard in Resources */ = {isa = PBXBuildFile; fileRef = 763A00802061EA6C00C8CE69 /* Home.storyboard */; };
		763A008A2061EAC700C8CE69 /* Discovery.storyboard in Resources */ = {isa = PBXBuildFile; fileRef = 763A00882061EAC600C8CE69 /* Discovery.storyboard */; };
		763A008D2061EBBD00C8CE69 /* Focus.storyboard in Resources */ = {isa = PBXBuildFile; fileRef = 763A008B2061EBBD00C8CE69 /* Focus.storyboard */; };
		763A00992061F62600C8CE69 /* MainViewController.swift in Sources */ = {isa = PBXBuildFile; fileRef = 763A00982061F62600C8CE69 /* MainViewController.swift */; };
		763A009B2061F69600C8CE69 /* HomeViewController.swift in Sources */ = {isa = PBXBuildFile; fileRef = 763A009A2061F69600C8CE69 /* HomeViewController.swift */; };
		763A009F206200E000C8CE69 /* UIBarButtonItem-extension.swift in Sources */ = {isa = PBXBuildFile; fileRef = 763A009E206200E000C8CE69 /* UIBarButtonItem-extension.swift */; };
		7691809320634E7A00EAED91 /* PageTitleView.swift in Sources */ = {isa = PBXBuildFile; fileRef = 7691809220634E7A00EAED91 /* PageTitleView.swift */; };
		7691809720635CFD00EAED91 /* Common.swift in Sources */ = {isa = PBXBuildFile; fileRef = 7691809620635CFD00EAED91 /* Common.swift */; };
		769180992063A2A900EAED91 /* PageContentView.swift in Sources */ = {isa = PBXBuildFile; fileRef = 769180982063A2A900EAED91 /* PageContentView.swift */; };
		7691809B2063B24C00EAED91 /* UIColor-extension.swift in Sources */ = {isa = PBXBuildFile; fileRef = 7691809A2063B24C00EAED91 /* UIColor-extension.swift */; };
		76C70D032060AA2000271A67 /* AppDelegate.swift in Sources */ = {isa = PBXBuildFile; fileRef = 76C70D022060AA2000271A67 /* AppDelegate.swift */; };
		76C70D082060AA2000271A67 /* Main.storyboard in Resources */ = {isa = PBXBuildFile; fileRef = 76C70D062060AA2000271A67 /* Main.storyboard */; };
		76C70D0A2060AA2000271A67 /* Assets.xcassets in Resources */ = {isa = PBXBuildFile; fileRef = 76C70D092060AA2000271A67 /* Assets.xcassets */; };
		76C70D0D2060AA2000271A67 /* LaunchScreen.storyboard in Resources */ = {isa = PBXBuildFile; fileRef = 76C70D0B2060AA2000271A67 /* LaunchScreen.storyboard */; };
/* End PBXBuildFile section */

/* Begin PBXFileReference section */
		763A007D2061EA6C00C8CE69 /* Base */ = {isa = PBXFileReference; lastKnownFileType = file.storyboard; name = Base; path = DouYuZB/Base.lproj/Living.storyboard; sourceTree = "<group>"; };
		763A007F2061EA6C00C8CE69 /* Base */ = {isa = PBXFileReference; lastKnownFileType = file.storyboard; name = Base; path = DouYuZB/Base.lproj/Mine.storyboard; sourceTree = "<group>"; };
		763A00812061EA6C00C8CE69 /* Base */ = {isa = PBXFileReference; lastKnownFileType = file.storyboard; name = Base; path = DouYuZB/Base.lproj/Home.storyboard; sourceTree = "<group>"; };
		763A00892061EAC600C8CE69 /* Base */ = {isa = PBXFileReference; lastKnownFileType = file.storyboard; name = Base; path = DouYuZB/Base.lproj/Discovery.storyboard; sourceTree = "<group>"; };
		763A008C2061EBBD00C8CE69 /* Base */ = {isa = PBXFileReference; lastKnownFileType = file.storyboard; name = Base; path = DouYuZB/Classes/Main/Base.lproj/Focus.storyboard; sourceTree = "<group>"; };
		763A00982061F62600C8CE69 /* MainViewController.swift */ = {isa = PBXFileReference; fileEncoding = 4; lastKnownFileType = sourcecode.swift; path = MainViewController.swift; sourceTree = "<group>"; };
		763A009A2061F69600C8CE69 /* HomeViewController.swift */ = {isa = PBXFileReference; lastKnownFileType = sourcecode.swift; path = HomeViewController.swift; sourceTree = "<group>"; };
		763A009E206200E000C8CE69 /* UIBarButtonItem-extension.swift */ = {isa = PBXFileReference; lastKnownFileType = sourcecode.swift; path = "UIBarButtonItem-extension.swift"; sourceTree = "<group>"; };
		7691809220634E7A00EAED91 /* PageTitleView.swift */ = {isa = PBXFileReference; lastKnownFileType = sourcecode.swift; path = PageTitleView.swift; sourceTree = "<group>"; };
		7691809620635CFD00EAED91 /* Common.swift */ = {isa = PBXFileReference; lastKnownFileType = sourcecode.swift; path = Common.swift; sourceTree = "<group>"; };
		769180982063A2A900EAED91 /* PageContentView.swift */ = {isa = PBXFileReference; lastKnownFileType = sourcecode.swift; path = PageContentView.swift; sourceTree = "<group>"; };
		7691809A2063B24C00EAED91 /* UIColor-extension.swift */ = {isa = PBXFileReference; lastKnownFileType = sourcecode.swift; path = "UIColor-extension.swift"; sourceTree = "<group>"; };
		76C70CFF2060AA2000271A67 /* DouYuZB.app */ = {isa = PBXFileReference; explicitFileType = wrapper.application; includeInIndex = 0; path = DouYuZB.app; sourceTree = BUILT_PRODUCTS_DIR; };
		76C70D022060AA2000271A67 /* AppDelegate.swift */ = {isa = PBXFileReference; lastKnownFileType = sourcecode.swift; path = AppDelegate.swift; sourceTree = "<group>"; };
		76C70D072060AA2000271A67 /* Base */ = {isa = PBXFileReference; lastKnownFileType = file.storyboard; name = Base; path = Base.lproj/Main.storyboard; sourceTree = "<group>"; };
		76C70D092060AA2000271A67 /* Assets.xcassets */ = {isa = PBXFileReference; lastKnownFileType = folder.assetcatalog; path = Assets.xcassets; sourceTree = "<group>"; };
		76C70D0C2060AA2000271A67 /* Base */ = {isa = PBXFileReference; lastKnownFileType = file.storyboard; name = Base; path = Base.lproj/LaunchScreen.storyboard; sourceTree = "<group>"; };
		76C70D0E2060AA2000271A67 /* Info.plist */ = {isa = PBXFileReference; lastKnownFileType = text.plist.xml; path = Info.plist; sourceTree = "<group>"; };
/* End PBXFileReference section */

/* Begin PBXFrameworksBuildPhase section */
		76C70CFC2060AA2000271A67 /* Frameworks */ = {
			isa = PBXFrameworksBuildPhase;
			buildActionMask = 2147483647;
			files = (
			);
			runOnlyForDeploymentPostprocessing = 0;
		};
/* End PBXFrameworksBuildPhase section */

/* Begin PBXGroup section */
		763A00752061E9E700C8CE69 /* Classes */ = {
			isa = PBXGroup;
			children = (
				763A009D2062006600C8CE69 /* Tools */,
				763A007B2061E9E700C8CE69 /* Main */,
				763A00762061E9E700C8CE69 /* Home */,
				763A00772061E9E700C8CE69 /* Living */,
				763A00782061E9E700C8CE69 /* Discovery */,
				763A00792061E9E700C8CE69 /* Focus */,
				763A007A2061E9E700C8CE69 /* Mine */,
			);
			path = Classes;
			sourceTree = "<group>";
		};
		763A00762061E9E700C8CE69 /* Home */ = {
			isa = PBXGroup;
			children = (
				763A00902061F56000C8CE69 /* Model */,
				763A00922061F56000C8CE69 /* Controller */,
				763A00912061F56000C8CE69 /* View */,
			);
			path = Home;
			sourceTree = "<group>";
		};
		763A00772061E9E700C8CE69 /* Living */ = {
			isa = PBXGroup;
			children = (
				763A007C2061EA6C00C8CE69 /* Living.storyboard */,
			);
			path = Living;
			sourceTree = "<group>";
		};
		763A00782061E9E700C8CE69 /* Discovery */ = {
			isa = PBXGroup;
			children = (
				763A00882061EAC600C8CE69 /* Discovery.storyboard */,
			);
			path = Discovery;
			sourceTree = "<group>";
		};
		763A00792061E9E700C8CE69 /* Focus */ = {
			isa = PBXGroup;
			children = (
				763A008B2061EBBD00C8CE69 /* Focus.storyboard */,
			);
			path = Focus;
			sourceTree = "<group>";
		};
		763A007A2061E9E700C8CE69 /* Mine */ = {
			isa = PBXGroup;
			children = (
				763A007E2061EA6C00C8CE69 /* Mine.storyboard */,
			);
			path = Mine;
			sourceTree = "<group>";
		};
		763A007B2061E9E700C8CE69 /* Main */ = {
			isa = PBXGroup;
			children = (
				763A00942061F58800C8CE69 /* Model */,
				763A00952061F58800C8CE69 /* Controller */,
				763A00932061F58800C8CE69 /* View */,
			);
			path = Main;
			sourceTree = "<group>";
		};
		763A00902061F56000C8CE69 /* Model */ = {
			isa = PBXGroup;
			children = (
			);
			path = Model;
			sourceTree = "<group>";
		};
		763A00912061F56000C8CE69 /* View */ = {
			isa = PBXGroup;
			children = (
			);
			path = View;
			sourceTree = "<group>";
		};
		763A00922061F56000C8CE69 /* Controller */ = {
			isa = PBXGroup;
			children = (
				763A00802061EA6C00C8CE69 /* Home.storyboard */,
				763A009A2061F69600C8CE69 /* HomeViewController.swift */,
			);
			path = Controller;
			sourceTree = "<group>";
		};
		763A00932061F58800C8CE69 /* View */ = {
			isa = PBXGroup;
			children = (
				7691809220634E7A00EAED91 /* PageTitleView.swift */,
				769180982063A2A900EAED91 /* PageContentView.swift */,
			);
			path = View;
			sourceTree = "<group>";
		};
		763A00942061F58800C8CE69 /* Model */ = {
			isa = PBXGroup;
			children = (
			);
			path = Model;
			sourceTree = "<group>";
		};
		763A00952061F58800C8CE69 /* Controller */ = {
			isa = PBXGroup;
			children = (
				763A00982061F62600C8CE69 /* MainViewController.swift */,
				76C70D062060AA2000271A67 /* Main.storyboard */,
			);
			path = Controller;
			sourceTree = "<group>";
		};
		763A009D2062006600C8CE69 /* Tools */ = {
			isa = PBXGroup;
			children = (
				763A009E206200E000C8CE69 /* UIBarButtonItem-extension.swift */,
				7691809620635CFD00EAED91 /* Common.swift */,
				7691809A2063B24C00EAED91 /* UIColor-extension.swift */,
			);
			path = Tools;
			sourceTree = "<group>";
		};
		76C70CF62060AA2000271A67 = {
			isa = PBXGroup;
			children = (
				76C70D012060AA2000271A67 /* DouYuZB */,
				76C70D002060AA2000271A67 /* Products */,
			);
			sourceTree = "<group>";
		};
		76C70D002060AA2000271A67 /* Products */ = {
			isa = PBXGroup;
			children = (
				76C70CFF2060AA2000271A67 /* DouYuZB.app */,
			);
			name = Products;
			sourceTree = "<group>";
		};
		76C70D012060AA2000271A67 /* DouYuZB */ = {
			isa = PBXGroup;
			children = (
				763A00752061E9E700C8CE69 /* Classes */,
				76C70D022060AA2000271A67 /* AppDelegate.swift */,
				76C70D092060AA2000271A67 /* Assets.xcassets */,
				76C70D0B2060AA2000271A67 /* LaunchScreen.storyboard */,
				76C70D0E2060AA2000271A67 /* Info.plist */,
			);
			path = DouYuZB;
			sourceTree = "<group>";
		};
/* End PBXGroup section */

/* Begin PBXNativeTarget section */
		76C70CFE2060AA2000271A67 /* DouYuZB */ = {
			isa = PBXNativeTarget;
			buildConfigurationList = 76C70D112060AA2000271A67 /* Build configuration list for PBXNativeTarget "DouYuZB" */;
			buildPhases = (
				76C70CFB2060AA2000271A67 /* Sources */,
				76C70CFC2060AA2000271A67 /* Frameworks */,
				76C70CFD2060AA2000271A67 /* Resources */,
			);
			buildRules = (
			);
			dependencies = (
			);
			name = DouYuZB;
			productName = DouYuZB;
			productReference = 76C70CFF2060AA2000271A67 /* DouYuZB.app */;
			productType = "com.apple.product-type.application";
		};
/* End PBXNativeTarget section */

/* Begin PBXProject section */
		76C70CF72060AA2000271A67 /* Project object */ = {
			isa = PBXProject;
			attributes = {
				LastSwiftUpdateCheck = 0920;
				LastUpgradeCheck = 0920;
				ORGANIZATIONNAME = huarong;
				TargetAttributes = {
					76C70CFE2060AA2000271A67 = {
						CreatedOnToolsVersion = 9.2;
						ProvisioningStyle = Automatic;
					};
				};
			};
			buildConfigurationList = 76C70CFA2060AA2000271A67 /* Build configuration list for PBXProject "DouYuZB" */;
			compatibilityVersion = "Xcode 8.0";
			developmentRegion = en;
			hasScannedForEncodings = 0;
			knownRegions = (
				en,
				Base,
			);
			mainGroup = 76C70CF62060AA2000271A67;
			productRefGroup = 76C70D002060AA2000271A67 /* Products */;
			projectDirPath = "";
			projectRoot = "";
			targets = (
				76C70CFE2060AA2000271A67 /* DouYuZB */,
			);
		};
/* End PBXProject section */

/* Begin PBXResourcesBuildPhase section */
		76C70CFD2060AA2000271A67 /* Resources */ = {
			isa = PBXResourcesBuildPhase;
			buildActionMask = 2147483647;
			files = (
				76C70D0D2060AA2000271A67 /* LaunchScreen.storyboard in Resources */,
				763A00842061EA6C00C8CE69 /* Living.storyboard in Resources */,
				763A00852061EA6C00C8CE69 /* Mine.storyboard in Resources */,
				763A008A2061EAC700C8CE69 /* Discovery.storyboard in Resources */,
				763A00862061EA6C00C8CE69 /* Home.storyboard in Resources */,
				76C70D0A2060AA2000271A67 /* Assets.xcassets in Resources */,
				76C70D082060AA2000271A67 /* Main.storyboard in Resources */,
				763A008D2061EBBD00C8CE69 /* Focus.storyboard in Resources */,
			);
			runOnlyForDeploymentPostprocessing = 0;
		};
/* End PBXResourcesBuildPhase section */

/* Begin PBXSourcesBuildPhase section */
		76C70CFB2060AA2000271A67 /* Sources */ = {
			isa = PBXSourcesBuildPhase;
			buildActionMask = 2147483647;
			files = (
				76C70D032060AA2000271A67 /* AppDelegate.swift in Sources */,
				7691809B2063B24C00EAED91 /* UIColor-extension.swift in Sources */,
				763A00992061F62600C8CE69 /* MainViewController.swift in Sources */,
				7691809320634E7A00EAED91 /* PageTitleView.swift in Sources */,
				769180992063A2A900EAED91 /* PageContentView.swift in Sources */,
				763A009F206200E000C8CE69 /* UIBarButtonItem-extension.swift in Sources */,
				7691809720635CFD00EAED91 /* Common.swift in Sources */,
				763A009B2061F69600C8CE69 /* HomeViewController.swift in Sources */,
			);
			runOnlyForDeploymentPostprocessing = 0;
		};
/* End PBXSourcesBuildPhase section */

/* Begin PBXVariantGroup section */
		763A007C2061EA6C00C8CE69 /* Living.storyboard */ = {
			isa = PBXVariantGroup;
			children = (
				763A007D2061EA6C00C8CE69 /* Base */,
			);
			name = Living.storyboard;
			sourceTree = "<group>";
		};
		763A007E2061EA6C00C8CE69 /* Mine.storyboard */ = {
			isa = PBXVariantGroup;
			children = (
				763A007F2061EA6C00C8CE69 /* Base */,
			);
			name = Mine.storyboard;
			sourceTree = "<group>";
		};
		763A00802061EA6C00C8CE69 /* Home.storyboard */ = {
			isa = PBXVariantGroup;
			children = (
				763A00812061EA6C00C8CE69 /* Base */,
			);
			name = Home.storyboard;
			sourceTree = "<group>";
		};
		763A00882061EAC600C8CE69 /* Discovery.storyboard */ = {
			isa = PBXVariantGroup;
			children = (
				763A00892061EAC600C8CE69 /* Base */,
			);
			name = Discovery.storyboard;
			sourceTree = "<group>";
		};
		763A008B2061EBBD00C8CE69 /* Focus.storyboard */ = {
			isa = PBXVariantGroup;
			children = (
				763A008C2061EBBD00C8CE69 /* Base */,
			);
			name = Focus.storyboard;
			sourceTree = "<group>";
		};
		76C70D062060AA2000271A67 /* Main.storyboard */ = {
			isa = PBXVariantGroup;
			children = (
				76C70D072060AA2000271A67 /* Base */,
			);
			name = Main.storyboard;
			sourceTree = "<group>";
		};
		76C70D0B2060AA2000271A67 /* LaunchScreen.storyboard */ = {
			isa = PBXVariantGroup;
			children = (
				76C70D0C2060AA2000271A67 /* Base */,
			);
			name = LaunchScreen.storyboard;
			sourceTree = "<group>";
		};
/* End PBXVariantGroup section */

/* Begin XCBuildConfiguration section */
		76C70D0F2060AA2000271A67 /* Debug */ = {
			isa = XCBuildConfiguration;
			buildSettings = {
				ALWAYS_SEARCH_USER_PATHS = NO;
				CLANG_ANALYZER_NONNULL = YES;
				CLANG_ANALYZER_NUMBER_OBJECT_CONVERSION = YES_AGGRESSIVE;
				CLANG_CXX_LANGUAGE_STANDARD = "gnu++14";
				CLANG_CXX_LIBRARY = "libc++";
				CLANG_ENABLE_MODULES = YES;
				CLANG_ENABLE_OBJC_ARC = YES;
				CLANG_WARN_BLOCK_CAPTURE_AUTORELEASING = YES;
				CLANG_WARN_BOOL_CONVERSION = YES;
				CLANG_WARN_COMMA = YES;
				CLANG_WARN_CONSTANT_CONVERSION = YES;
				CLANG_WARN_DIRECT_OBJC_ISA_USAGE = YES_ERROR;
				CLANG_WARN_DOCUMENTATION_COMMENTS = YES;
				CLANG_WARN_EMPTY_BODY = YES;
				CLANG_WARN_ENUM_CONVERSION = YES;
				CLANG_WARN_INFINITE_RECURSION = YES;
				CLANG_WARN_INT_CONVERSION = YES;
				CLANG_WARN_NON_LITERAL_NULL_CONVERSION = YES;
				CLANG_WARN_OBJC_LITERAL_CONVERSION = YES;
				CLANG_WARN_OBJC_ROOT_CLASS = YES_ERROR;
				CLANG_WARN_RANGE_LOOP_ANALYSIS = YES;
				CLANG_WARN_STRICT_PROTOTYPES = YES;
				CLANG_WARN_SUSPICIOUS_MOVE = YES;
				CLANG_WARN_UNGUARDED_AVAILABILITY = YES_AGGRESSIVE;
				CLANG_WARN_UNREACHABLE_CODE = YES;
				CLANG_WARN__DUPLICATE_METHOD_MATCH = YES;
				CODE_SIGN_IDENTITY = "iPhone Developer";
				COPY_PHASE_STRIP = NO;
				DEBUG_INFORMATION_FORMAT = dwarf;
				ENABLE_STRICT_OBJC_MSGSEND = YES;
				ENABLE_TESTABILITY = YES;
				GCC_C_LANGUAGE_STANDARD = gnu11;
				GCC_DYNAMIC_NO_PIC = NO;
				GCC_NO_COMMON_BLOCKS = YES;
				GCC_OPTIMIZATION_LEVEL = 0;
				GCC_PREPROCESSOR_DEFINITIONS = (
					"DEBUG=1",
					"$(inherited)",
				);
				GCC_WARN_64_TO_32_BIT_CONVERSION = YES;
				GCC_WARN_ABOUT_RETURN_TYPE = YES_ERROR;
				GCC_WARN_UNDECLARED_SELECTOR = YES;
				GCC_WARN_UNINITIALIZED_AUTOS = YES_AGGRESSIVE;
				GCC_WARN_UNUSED_FUNCTION = YES;
				GCC_WARN_UNUSED_VARIABLE = YES;
				IPHONEOS_DEPLOYMENT_TARGET = 11.2;
				MTL_ENABLE_DEBUG_INFO = YES;
				ONLY_ACTIVE_ARCH = YES;
				SDKROOT = iphoneos;
				SWIFT_ACTIVE_COMPILATION_CONDITIONS = DEBUG;
				SWIFT_OPTIMIZATION_LEVEL = "-Onone";
			};
			name = Debug;
		};
		76C70D102060AA2000271A67 /* Release */ = {
			isa = XCBuildConfiguration;
			buildSettings = {
				ALWAYS_SEARCH_USER_PATHS = NO;
				CLANG_ANALYZER_NONNULL = YES;
				CLANG_ANALYZER_NUMBER_OBJECT_CONVERSION = YES_AGGRESSIVE;
				CLANG_CXX_LANGUAGE_STANDARD = "gnu++14";
				CLANG_CXX_LIBRARY = "libc++";
				CLANG_ENABLE_MODULES = YES;
				CLANG_ENABLE_OBJC_ARC = YES;
				CLANG_WARN_BLOCK_CAPTURE_AUTORELEASING = YES;
				CLANG_WARN_BOOL_CONVERSION = YES;
				CLANG_WARN_COMMA = YES;
				CLANG_WARN_CONSTANT_CONVERSION = YES;
				CLANG_WARN_DIRECT_OBJC_ISA_USAGE = YES_ERROR;
				CLANG_WARN_DOCUMENTATION_COMMENTS = YES;
				CLANG_WARN_EMPTY_BODY = YES;
				CLANG_WARN_ENUM_CONVERSION = YES;
				CLANG_WARN_INFINITE_RECURSION = YES;
				CLANG_WARN_INT_CONVERSION = YES;
				CLANG_WARN_NON_LITERAL_NULL_CONVERSION = YES;
				CLANG_WARN_OBJC_LITERAL_CONVERSION = YES;
				CLANG_WARN_OBJC_ROOT_CLASS = YES_ERROR;
				CLANG_WARN_RANGE_LOOP_ANALYSIS = YES;
				CLANG_WARN_STRICT_PROTOTYPES = YES;
				CLANG_WARN_SUSPICIOUS_MOVE = YES;
				CLANG_WARN_UNGUARDED_AVAILABILITY = YES_AGGRESSIVE;
				CLANG_WARN_UNREACHABLE_CODE = YES;
				CLANG_WARN__DUPLICATE_METHOD_MATCH = YES;
				CODE_SIGN_IDENTITY = "iPhone Developer";
				COPY_PHASE_STRIP = NO;
				DEBUG_INFORMATION_FORMAT = "dwarf-with-dsym";
				ENABLE_NS_ASSERTIONS = NO;
				ENABLE_STRICT_OBJC_MSGSEND = YES;
				GCC_C_LANGUAGE_STANDARD = gnu11;
				GCC_NO_COMMON_BLOCKS = YES;
				GCC_WARN_64_TO_32_BIT_CONVERSION = YES;
				GCC_WARN_ABOUT_RETURN_TYPE = YES_ERROR;
				GCC_WARN_UNDECLARED_SELECTOR = YES;
				GCC_WARN_UNINITIALIZED_AUTOS = YES_AGGRESSIVE;
				GCC_WARN_UNUSED_FUNCTION = YES;
				GCC_WARN_UNUSED_VARIABLE = YES;
				IPHONEOS_DEPLOYMENT_TARGET = 11.2;
				MTL_ENABLE_DEBUG_INFO = NO;
				SDKROOT = iphoneos;
				SWIFT_OPTIMIZATION_LEVEL = "-Owholemodule";
				VALIDATE_PRODUCT = YES;
			};
			name = Release;
		};
		76C70D122060AA2000271A67 /* Debug */ = {
			isa = XCBuildConfiguration;
			buildSettings = {
				ASSETCATALOG_COMPILER_APPICON_NAME = AppIcon;
				ASSETCATALOG_COMPILER_LAUNCHIMAGE_NAME = LaunchImage;
				CODE_SIGN_STYLE = Automatic;
				DEVELOPMENT_TEAM = 83U98UN9WT;
				INFOPLIST_FILE = DouYuZB/Info.plist;
				IPHONEOS_DEPLOYMENT_TARGET = 9.0;
				LD_RUNPATH_SEARCH_PATHS = "$(inherited) @executable_path/Frameworks";
				PRODUCT_BUNDLE_IDENTIFIER = com.vastconn.DouYuZB;
				PRODUCT_NAME = "$(TARGET_NAME)";
				SWIFT_VERSION = 4.0;
				TARGETED_DEVICE_FAMILY = 1;
			};
			name = Debug;
		};
		76C70D132060AA2000271A67 /* Release */ = {
			isa = XCBuildConfiguration;
			buildSettings = {
				ASSETCATALOG_COMPILER_APPICON_NAME = AppIcon;
				ASSETCATALOG_COMPILER_LAUNCHIMAGE_NAME = LaunchImage;
				CODE_SIGN_STYLE = Automatic;
				DEVELOPMENT_TEAM = 83U98UN9WT;
				INFOPLIST_FILE = DouYuZB/Info.plist;
				IPHONEOS_DEPLOYMENT_TARGET = 9.0;
				LD_RUNPATH_SEARCH_PATHS = "$(inherited) @executable_path/Frameworks";
				PRODUCT_BUNDLE_IDENTIFIER = com.vastconn.DouYuZB;
				PRODUCT_NAME = "$(TARGET_NAME)";
				SWIFT_VERSION = 4.0;
				TARGETED_DEVICE_FAMILY = 1;
			};
			name = Release;
		};
/* End XCBuildConfiguration section */

/* Begin XCConfigurationList section */
		76C70CFA2060AA2000271A67 /* Build configuration list for PBXProject "DouYuZB" */ = {
			isa = XCConfigurationList;
			buildConfigurations = (
				76C70D0F2060AA2000271A67 /* Debug */,
				76C70D102060AA2000271A67 /* Release */,
			);
			defaultConfigurationIsVisible = 0;
			defaultConfigurationName = Release;
		};
		76C70D112060AA2000271A67 /* Build configuration list for PBXNativeTarget "DouYuZB" */ = {
			isa = XCConfigurationList;
			buildConfigurations = (
				76C70D122060AA2000271A67 /* Debug */,
				76C70D132060AA2000271A67 /* Release */,
			);
			defaultConfigurationIsVisible = 0;
			defaultConfigurationName = Release;
		};
/* End XCConfigurationList section */
	};
	rootObject = 76C70CF72060AA2000271A67 /* Project object */;
}
